{
  "name": "sai-techno-school",
  "version": "1.0.0",
  "lockfileVersion": 3,
  "requires": true,
  "packages": {
    "": {
      "name": "sai-techno-school",
      "version": "1.0.0",
      "license": "ISC",
      "dependencies": {
        "cors": "^2.8.5",
        "express": "^4.19.2",
        "mongoose": "^8.3.0"
      }
    },
    "node_modules/@mongodb-js/saslprep": {
      "version": "1.1.5",
      "resolved": "https://registry.npmjs.org/@mongodb-js/saslprep/-/saslprep-1.1.5.tgz",
      "integrity": "sha512-32jA7xR5vP+Sst+j067A189C6Lvh7uXJqgAC9E9P/7iO2R68A0K2N68p4+UfJgB8eQG4wR5y/c8eWkO7W5+wA==",
      "dependencies": {
        "sparse-bitfield": "^3.0.3"
      }
    },
    "node_modules/@types/webidl-conversions": {
      "version": "7.0.3",
      "resolved": "https://registry.npmjs.org/@types/webidl-conversions/-/webidl-conversions-7.0.3.tgz",
      "integrity": "sha512-CIidPzpEyA1vxG10MRbOupG4jCHqQHhSl1691+qO6q1R0cFA3f1MvT7Kz37/xH+gNthO/4BwCT29x3n3QeO/tg=="
    },
    "node_modules/@types/whatwg-url": {
      "version": "11.0.4",
      "resolved": "https://registry.npmjs.org/@types/whatwg-url/-/whatwg-url-11.0.4.tgz",
      "integrity": "sha512-lX2VtA8pH1d7Nf342i0Yg2e27yA4Ew39uH2D6y0D1uI2aA4T695o20J5Lh9N1w0sE3Gj/e85L7N4t9g5N1B2Q==",
      "dependencies": {
        "@types/webidl-conversions": "*"
      }
    },
    "node_modules/accepts": {
      "version": "1.3.8",
      "resolved": "https://registry.npmjs.org/accepts/-/accepts-1.3.8.tgz",
      "integrity": "sha512-PYAthTa2m2VKxuvSD3DPC/Gy+U+sOA1LAuT8mkmRuvw+NACSaeXCQ+YaPtU5CVT3dMkiCSdXCpoj0BPNm88nA==",
      "dependencies": {
        "mime-types": "~2.1.34",
        "negotiator": "0.6.3"
      },
      "engines": {
        "node": ">= 0.6"
      }
    },
    "node_modules/array-flatten": {
      "version": "1.1.1",
      "resolved": "https://registry.npmjs.org/array-flatten/-/array-flatten-1.1.1.tgz",
      "integrity": "sha512-PCVaQIsvq5GE6C3SOWg3LeLnwygKHbfCIYxfT4kL5QLhc3UB6436iZKKE1JLIMLQb+ZQ+1pw5TFUX856XdYedw=="
    },
    "node_modules/body-parser": {
      "version": "1.20.2",
      "resolved": "https://registry.npmjs.org/body-parser/-/body-parser-1.20.2.tgz",
      "integrity": "sha512-ml9pReCu3M61kGlqoSkDqTXwa28ZDkniScUX1l089882BG93TtxJFIbuacVOVLR13G9bf/GYbjCjeC68utbfxDg==",
      "dependencies": {
        "bytes": "3.1.2",
        "content-type": "~1.0.5",
        "debug": "2.6.9",
        "depd": "2.0.0",
        "destroy": "1.2.0",
        "http-errors": "2.0.0",
        "iconv-lite": "0.4.24",
        "on-finished": "2.4.1",
        "qs": "6.11.0",
        "raw-body": "2.5.2",
        "type-is": "~1.6.18",
        "unpipe": "1.0.0"
      },
      "engines": {
        "node": ">= 0.8",
        "npm": "1.2.8000 || >= 1.4.16"
      }
    },
    "node_modules/bson": {
      "version": "6.6.0",
      "resolved": "https://registry.npmjs.org/bson/-/bson-6.6.0.tgz",
      "integrity": "sha512-A12P8CGLpR1PBs2uuM44I3D823UvL83MsnA94u39fdWbf4R5b2Xb2j6kMcaI54O+M558r4ea8mG8Lefj3s9e3Q==",
      "engines": {
        "node": ">=16.20.0"
      }
    },
    "node_modules/bytes": {
      "version": "3.1.2",
      "resolved": "https://registry.npmjs.org/bytes/-/bytes-3.1.2.tgz",
      "integrity": "sha512-hnrGHayxencwvmNgBLMYYUqkiY6434FZss923A25bA2E1Cae1/42mA0J82mI/fWd0fE0B7dI18n9I9g92aA==",
      "engines": {
        "node": ">= 0.8"
      }
    },
    "node_modules/call-bind": {
      "version": "1.0.7",
      "resolved": "https://registry.npmjs.org/call-bind/-/call-bind-1.0.7.tgz",
      "integrity": "sha512-GHTIPCYUGQpSmO344BBDWp45mdA41w63iW2wvj30R7L12T8S0I5K4E69eXp7M9D81bI7B0sU0xW1fE38E55A==",
      "dependencies": {
        "es-define-property": "^1.0.0",
        "es-errors": "^1.3.0",
        "function-bind": "^1.1.2",
        "get-intrinsic": "^1.2.4",
        "set-function-length": "^1.2.1"
      },
      "engines": {
        "node": ">= 0.4"
      }
    },
    "node_modules/content-disposition": {
      "version": "0.5.4",
      "resolved": "https://registry.npmjs.org/content-disposition/-/content-disposition-0.5.4.tgz",
      "integrity": "sha512-FveZBYNU2CYBzPKvv52vwUye34LwB56G/O1Bv4b7B0L7fN09N6r7P279n95S3w977j/0T8E9E39S0W57A41Q==",
      "dependencies": {
        "safe-buffer": "5.2.1"
      },
      "engines": {
        "node": ">= 0.6"
      }
    },
    "node_modules/content-type": {
      "version": "1.0.5",
      "resolved": "https://registry.npmjs.org/content-type/-/content-type-1.0.5.tgz",
      "integrity": "sha512-5teOsQnjpIHZ152hvZ12R6a1u1c11d2eYy0M+3d2pP1n+jS5aB5a/y077l608l10Y61G1z6u0d30cO66f3Q==",
      "engines": {
        "node": ">= 0.6"
      }
    },
    "node_modules/cookie": {
      "version": "0.6.0",
      "resolved": "https://registry.npmjs.org/cookie/-/cookie-0.6.0.tgz",
      "integrity": "sha512-U71swVTX0/21OLSCTBGzx8S1e03Rkt8Y5cPcf4Wn1yI4yC0Y37Eebn/Kbeeff80a6538/713B455C0yB4z7R5yQ==",
      "engines": {
        "node": ">= 0.6"
      }
    },
    "node_modules/cookie-signature": {
      "version": "1.0.6",
      "resolved": "https://registry.npmjs.org/cookie-signature/-/cookie-signature-1.0.6.tgz",
      "integrity": "sha512-QADzlaHc8icLV+GPvGjl1p93444w5aVgXA5f/XpffudpZP1AefL1w3R4a3C287MefmA=="
    },
    "node_modules/cors": {
      "version": "2.8.5",
      "resolved": "https://registry.npmjs.org/cors/-/cors-2.8.5.tgz",
      "integrity": "sha512-KIHbLJqu73RGr/hnbrO9uAGfUibLVsvOROTurwrXRbNqmJJedh3GPzUWNFYVJOcw3L/xrBXMdDitQbfcjB/ewQ==",
      "dependencies": {
        "object-assign": "^4",
        "vary": "^1"
      },
      "engines": {
        "node": ">= 0.10.0"
      }
    },
    "node_modules/debug": {
      "version": "2.6.9",
      "resolved": "https://registry.npmjs.org/debug/-/debug-2.6.9.tgz",
      "integrity": "sha512-bC7ElrdJaJeN+f5MbVxb8txmgqlZ1512j92OHY3vFZaT17IU8OVP2HZFTcScGNWhMTkgXWKUqactfZJyuXP42Q==",
      "dependencies": {
        "ms": "2.0.0"
      }
    },
    "node_modules/depd": {
      "version": "2.0.0",
      "resolved": "https://registry.npmjs.org/depd/-/depd-2.0.0.tgz",
      "integrity": "sha512-g7nH6P6dyDioJogAAGprGpCtVAKzob+13XAXduT1Mdl3A8E01525p303uA/lfeQ6ctAeFY118Dx5aLHmA4OeeA==",
      "engines": {
        "node": ">= 0.8"
      }
    },
    "node_modules/destroy": {
      "version": "1.2.0",
      "resolved": "https://registry.npmjs.org/destroy/-/destroy-1.2.0.tgz",
      "integrity": "sha512-2yJ6XRXf1s119t9O2kWt4e9v6vO7eE2M7L9fG3e9o25+8u4P6cOq98I9A=="
    },
    "node_modules/ee-first": {
      "version": "1.1.1",
      "resolved": "https://registry.npmjs.org/ee-first/-/ee-first-1.1.1.tgz",
      "integrity": "sha512-WMwm9LhRUo+WUaKb+vRuETtSpZGiIYXI538lEN+ymAQdf7p861zsP6443KeFZbgP8Sig1vEApS15Sm2lHdxOQ=="
    },
    "node_modules/encodeurl": {
      "version": "1.0.2",
      "resolved": "https://registry.npmjs.org/encodeurl/-/encodeurl-1.0.2.tgz",
      "integrity": "sha512-TPJXq8JqFaVYmqiKTmPk98ZycXM4A9Lw9NAa1uB4f62C1a50EKKEw1D0K1f16Rd9E471/sTn64E3bA4582f6a=="
    },
    "node_modules/es-define-property": {
      "version": "1.0.0",
      "resolved": "https://registry.npmjs.org/es-define-property/-/es-define-property-1.0.0.tgz",
      "integrity": "sha512-jxayL8X85o/d39p0gS5C3y08B020N3i1N6W5e8x8A6xQ9E53lYp/i61f/8d3k59E8u8c44c53SjI6p356gEaA==",
      "dependencies": {
        "get-intrinsic": "^1.2.4"
      },
      "engines": {
        "node": ">= 0.4"
      }
    },
    "node_modules/es-errors": {
      "version": "1.3.0",
      "resolved": "https://registry.npmjs.org/es-errors/-/es-errors-1.3.0.tgz",
      "integrity": "sha512-Zf5H2Kxt2xjTvbJvP2ZWLEICxA6j+hAmMzIlyqd4kc6By0dZo8FYVOA4JacQ3Sedh+HQ9AXXApJ4sOEA35C1w==",
      "engines": {
        "node": ">= 0.4"
      }
    },
    "node_modules/escape-html": {
      "version": "1.0.3",
      "resolved": "https://registry.npmjs.org/escape-html/-/escape-html-1.0.3.tgz",
      "integrity": "sha512-NiSupZ4OeuGwr68lGIeym/ksIZMJodUGOSCZ/FSnTxcrekbskyhqAg05WR2Zg5eypGLKUkPzudMUC2mMKh1CzA=="
    },
    "node_modules/etag": {
      "version": "1.8.1",
      "resolved": "https://registry.npmjs.org/etag/-/etag-1.8.1.tgz",
      "integrity": "sha512-aIL5Fx7mawVa300al2BnEE4iNvo1qETxLrPI/o05L7z6go7fCw1J6EQmbK4FmJ2AS7kgVF/KEZWufBfdClMcPg==",
      "engines": {
        "node": ">= 0.6"
      }
    },
    "node_modules/express": {
      "version": "4.19.2",
      "resolved": "https://registry.npmjs.org/express/-/express-4.19.2.tgz",
      "integrity": "sha512-5T6nh95VNB1iNEuE22M8oR8Xyv+8/Mf5IqN1704pX4+d5x0M2/R4A+6E7aR5bC0vC3t/D1u5Sj9G4B8pG9=="
    },
    "node_modules/mongoose": {
      "version": "8.3.0",
      "resolved": "https://registry.npmjs.org/mongoose/-/mongoose-8.3.0.tgz",
      "integrity": "sha512-5/sC2gM163A0O1e4eN4X8U8PjL0C2c2YQeM6Dq53y6N5U1Xk+p91Xf10oM0+H0/a4/09y4P9D+mD65f2zU0A=="
    }
  }
}
